
Microsoft Visual Studio Solution File, Format Version 12.00
# Visual Studio Version 17
VisualStudioVersion = 17.7.34031.279
MinimumVisualStudioVersion = 10.0.40219.1
Project("{9A19103F-16F7-4668-BE54-9A1E7A4F7556}") = "LineTen.Api", "LineTen.Api\LineTen.Api.csproj", "{DDB6C40A-0BFD-4476-9734-287869459E37}"
EndProject
Project("{9A19103F-16F7-4668-BE54-9A1E7A4F7556}") = "LineTen.Persistence", "LineTen.Persistence\LineTen.Persistence.csproj", "{1F451C2B-A850-4166-801E-DD4DAD4DD607}"
EndProject
Project("{9A19103F-16F7-4668-BE54-9A1E7A4F7556}") = "LineTen.Services", "LineTen.Services\LineTen.Services.csproj", "{7595DF6F-3700-400A-8641-3B842F823C62}"
EndProject
Project("{9A19103F-16F7-4668-BE54-9A1E7A4F7556}") = "LineTen.Common", "LineTen.Common\LineTen.Common.csproj", "{992FB6F2-CC32-4ED0-A119-1E2334756CFF}"
EndProject
Project("{9A19103F-16F7-4668-BE54-9A1E7A4F7556}") = "LineTen.Tests", "LineTen.Tests\LineTen.Tests.csproj", "{EE5A2859-E1AB-4C3C-AF52-109EDA2677D9}"
EndProject
Global
	GlobalSection(SolutionConfigurationPlatforms) = preSolution
		Debug|Any CPU = Debug|Any CPU
		Release|Any CPU = Release|Any CPU
	EndGlobalSection
	GlobalSection(ProjectConfigurationPlatforms) = postSolution
		{DDB6C40A-0BFD-4476-9734-287869459E37}.Debug|Any CPU.ActiveCfg = Debug|Any CPU
		{DDB6C40A-0BFD-4476-9734-287869459E37}.Debug|Any CPU.Build.0 = Debug|Any CPU
		{DDB6C40A-0BFD-4476-9734-287869459E37}.Release|Any CPU.ActiveCfg = Release|Any CPU
		{DDB6C40A-0BFD-4476-9734-287869459E37}.Release|Any CPU.Build.0 = Release|Any CPU
		{1F451C2B-A850-4166-801E-DD4DAD4DD607}.Debug|Any CPU.ActiveCfg = Debug|Any CPU
		{1F451C2B-A850-4166-801E-DD4DAD4DD607}.Debug|Any CPU.Build.0 = Debug|Any CPU
		{1F451C2B-A850-4166-801E-DD4DAD4DD607}.Release|Any CPU.ActiveCfg = Release|Any CPU
		{1F451C2B-A850-4166-801E-DD4DAD4DD607}.Release|Any CPU.Build.0 = Release|Any CPU
		{7595DF6F-3700-400A-8641-3B842F823C62}.Debug|Any CPU.ActiveCfg = Debug|Any CPU
		{7595DF6F-3700-400A-8641-3B842F823C62}.Debug|Any CPU.Build.0 = Debug|Any CPU
		{7595DF6F-3700-400A-8641-3B842F823C62}.Release|Any CPU.ActiveCfg = Release|Any CPU
		{7595DF6F-3700-400A-8641-3B842F823C62}.Release|Any CPU.Build.0 = Release|Any CPU
		{992FB6F2-CC32-4ED0-A119-1E2334756CFF}.Debug|Any CPU.ActiveCfg = Debug|Any CPU
		{992FB6F2-CC32-4ED0-A119-1E2334756CFF}.Debug|Any CPU.Build.0 = Debug|Any CPU
		{992FB6F2-CC32-4ED0-A119-1E2334756CFF}.Release|Any CPU.ActiveCfg = Release|Any CPU
		{992FB6F2-CC32-4ED0-A119-1E2334756CFF}.Release|Any CPU.Build.0 = Release|Any CPU
		{EE5A2859-E1AB-4C3C-AF52-109EDA2677D9}.Debug|Any CPU.ActiveCfg = Debug|Any CPU
		{EE5A2859-E1AB-4C3C-AF52-109EDA2677D9}.Debug|Any CPU.Build.0 = Debug|Any CPU
		{EE5A2859-E1AB-4C3C-AF52-109EDA2677D9}.Release|Any CPU.ActiveCfg = Release|Any CPU
		{EE5A2859-E1AB-4C3C-AF52-109EDA2677D9}.Release|Any CPU.Build.0 = Release|Any CPU
	EndGlobalSection
	GlobalSection(SolutionProperties) = preSolution
		HideSolutionNode = FALSE
	EndGlobalSection
	GlobalSection(ExtensibilityGlobals) = postSolution
		SolutionGuid = {BD35EC9A-DA8E-4A8E-9BE0-4250101CFD6D}
	EndGlobalSection
EndGlobal
